
Microsoft Visual Studio Solution File, Format Version 12.00
# Visual Studio Version 17
VisualStudioVersion = 17.0.31903.59
MinimumVisualStudioVersion = 10.0.40219.1
Project("{2150E333-8FDC-42A3-9474-1A3956D46DE8}") = "src", "src", "{827E0CD3-B72D-47B6-A68D-7590B98EB39B}"
EndProject
Project("{FAE04EC0-301F-11D3-BF4B-00C04F79EFBC}") = "ExpandedLib", "src\ExpandedLib\ExpandedLib.csproj", "{BA92DD4C-1B20-439F-82FF-19A604310AA3}"
EndProject
Project("{FAE04EC0-301F-11D3-BF4B-00C04F79EFBC}") = "ExpandedLib.Generators", "src\ExpandedLib.Generators\ExpandedLib.Generators.csproj", "{8374C813-C9AB-4BCF-BD9E-6A9CE9C7E51F}"
EndProject
Project("{FAE04EC0-301F-11D3-BF4B-00C04F79EFBC}") = "ExpandedLib.Industry", "src\ExpandedLib.Industry\ExpandedLib.Industry.csproj", "{0240D58E-0D36-4782-8EC5-2192CF02F052}"
EndProject
Project("{FAE04EC0-301F-11D3-BF4B-00C04F79EFBC}") = "ExpandedLib.Testing", "src\ExpandedLib.Testing\ExpandedLib.Testing.csproj", "{2B1D72B3-D6D7-4F3A-BA78-E9CFCAD91B5B}"
EndProject
Project("{2150E333-8FDC-42A3-9474-1A3956D46DE8}") = "tests", "tests", "{0AB3BF05-4346-4AA6-1389-037BE0695223}"
EndProject
Project("{FAE04EC0-301F-11D3-BF4B-00C04F79EFBC}") = "ExpandedLib.Tests", "tests\ExpandedLib.Tests\ExpandedLib.Tests.csproj", "{48F02572-F2FF-4052-8711-24E3C307B400}"
EndProject
Project("{2150E333-8FDC-42A3-9474-1A3956D46DE8}") = "samples", "samples", "{5D20AA90-6969-D8BD-9DCD-8634F4692FDA}"
EndProject
Project("{FAE04EC0-301F-11D3-BF4B-00C04F79EFBC}") = "HelloExpanded", "samples\HelloExpanded\HelloExpanded.csproj", "{B6417B48-9468-4BA9-B966-AD04A9D89F3B}"
EndProject
Project("{FAE04EC0-301F-11D3-BF4B-00C04F79EFBC}") = "HelloModule", "samples\HelloModule\HelloModule.csproj", "{52AE1C2A-33E0-45DF-A3EA-2666AB38CA71}"
EndProject
Project("{FAE04EC0-301F-11D3-BF4B-00C04F79EFBC}") = "HelloExpanded.Tests", "samples\HelloExpanded.Tests\HelloExpanded.Tests.csproj", "{5B7CB7DA-2B87-4B22-BC1D-64A822ED35B1}"
EndProject
Project("{FAE04EC0-301F-11D3-BF4B-00C04F79EFBC}") = "HelloModule.Tests", "samples\HelloModule.Tests\HelloModule.Tests.csproj", "{BC81CA52-9B3F-48C5-AB28-71237D4F5219}"
EndProject
Global
	GlobalSection(SolutionConfigurationPlatforms) = preSolution
		Debug|Any CPU = Debug|Any CPU
		Debug|x64 = Debug|x64
		Debug|x86 = Debug|x86
		Release|Any CPU = Release|Any CPU
		Release|x64 = Release|x64
		Release|x86 = Release|x86
	EndGlobalSection
	GlobalSection(ProjectConfigurationPlatforms) = postSolution
		{BA92DD4C-1B20-439F-82FF-19A604310AA3}.Debug|Any CPU.ActiveCfg = Debug|Any CPU
		{BA92DD4C-1B20-439F-82FF-19A604310AA3}.Debug|Any CPU.Build.0 = Debug|Any CPU
		{BA92DD4C-1B20-439F-82FF-19A604310AA3}.Debug|x64.ActiveCfg = Debug|Any CPU
		{BA92DD4C-1B20-439F-82FF-19A604310AA3}.Debug|x64.Build.0 = Debug|Any CPU
		{BA92DD4C-1B20-439F-82FF-19A604310AA3}.Debug|x86.ActiveCfg = Debug|Any CPU
		{BA92DD4C-1B20-439F-82FF-19A604310AA3}.Debug|x86.Build.0 = Debug|Any CPU
		{BA92DD4C-1B20-439F-82FF-19A604310AA3}.Release|Any CPU.ActiveCfg = Release|Any CPU
		{BA92DD4C-1B20-439F-82FF-19A604310AA3}.Release|Any CPU.Build.0 = Release|Any CPU
		{BA92DD4C-1B20-439F-82FF-19A604310AA3}.Release|x64.ActiveCfg = Release|Any CPU
		{BA92DD4C-1B20-439F-82FF-19A604310AA3}.Release|x64.Build.0 = Release|Any CPU
		{BA92DD4C-1B20-439F-82FF-19A604310AA3}.Release|x86.ActiveCfg = Release|Any CPU
		{BA92DD4C-1B20-439F-82FF-19A604310AA3}.Release|x86.Build.0 = Release|Any CPU
		{8374C813-C9AB-4BCF-BD9E-6A9CE9C7E51F}.Debug|Any CPU.ActiveCfg = Debug|Any CPU
		{8374C813-C9AB-4BCF-BD9E-6A9CE9C7E51F}.Debug|Any CPU.Build.0 = Debug|Any CPU
		{8374C813-C9AB-4BCF-BD9E-6A9CE9C7E51F}.Debug|x64.ActiveCfg = Debug|Any CPU
		{8374C813-C9AB-4BCF-BD9E-6A9CE9C7E51F}.Debug|x64.Build.0 = Debug|Any CPU
		{8374C813-C9AB-4BCF-BD9E-6A9CE9C7E51F}.Debug|x86.ActiveCfg = Debug|Any CPU
		{8374C813-C9AB-4BCF-BD9E-6A9CE9C7E51F}.Debug|x86.Build.0 = Debug|Any CPU
		{8374C813-C9AB-4BCF-BD9E-6A9CE9C7E51F}.Release|Any CPU.ActiveCfg = Release|Any CPU
		{8374C813-C9AB-4BCF-BD9E-6A9CE9C7E51F}.Release|Any CPU.Build.0 = Release|Any CPU
		{8374C813-C9AB-4BCF-BD9E-6A9CE9C7E51F}.Release|x64.ActiveCfg = Release|Any CPU
		{8374C813-C9AB-4BCF-BD9E-6A9CE9C7E51F}.Release|x64.Build.0 = Release|Any CPU
		{8374C813-C9AB-4BCF-BD9E-6A9CE9C7E51F}.Release|x86.ActiveCfg = Release|Any CPU
		{8374C813-C9AB-4BCF-BD9E-6A9CE9C7E51F}.Release|x86.Build.0 = Release|Any CPU
		{0240D58E-0D36-4782-8EC5-2192CF02F052}.Debug|Any CPU.ActiveCfg = Debug|Any CPU
		{0240D58E-0D36-4782-8EC5-2192CF02F052}.Debug|Any CPU.Build.0 = Debug|Any CPU
		{0240D58E-0D36-4782-8EC5-2192CF02F052}.Debug|x64.ActiveCfg = Debug|Any CPU
		{0240D58E-0D36-4782-8EC5-2192CF02F052}.Debug|x64.Build.0 = Debug|Any CPU
		{0240D58E-0D36-4782-8EC5-2192CF02F052}.Debug|x86.ActiveCfg = Debug|Any CPU
		{0240D58E-0D36-4782-8EC5-2192CF02F052}.Debug|x86.Build.0 = Debug|Any CPU
		{0240D58E-0D36-4782-8EC5-2192CF02F052}.Release|Any CPU.ActiveCfg = Release|Any CPU
		{0240D58E-0D36-4782-8EC5-2192CF02F052}.Release|Any CPU.Build.0 = Release|Any CPU
		{0240D58E-0D36-4782-8EC5-2192CF02F052}.Release|x64.ActiveCfg = Release|Any CPU
		{0240D58E-0D36-4782-8EC5-2192CF02F052}.Release|x64.Build.0 = Release|Any CPU
		{0240D58E-0D36-4782-8EC5-2192CF02F052}.Release|x86.ActiveCfg = Release|Any CPU
		{0240D58E-0D36-4782-8EC5-2192CF02F052}.Release|x86.Build.0 = Release|Any CPU
		{2B1D72B3-D6D7-4F3A-BA78-E9CFCAD91B5B}.Debug|Any CPU.ActiveCfg = Debug|Any CPU
		{2B1D72B3-D6D7-4F3A-BA78-E9CFCAD91B5B}.Debug|Any CPU.Build.0 = Debug|Any CPU
		{2B1D72B3-D6D7-4F3A-BA78-E9CFCAD91B5B}.Debug|x64.ActiveCfg = Debug|Any CPU
		{2B1D72B3-D6D7-4F3A-BA78-E9CFCAD91B5B}.Debug|x64.Build.0 = Debug|Any CPU
		{2B1D72B3-D6D7-4F3A-BA78-E9CFCAD91B5B}.Debug|x86.ActiveCfg = Debug|Any CPU
		{2B1D72B3-D6D7-4F3A-BA78-E9CFCAD91B5B}.Debug|x86.Build.0 = Debug|Any CPU
		{2B1D72B3-D6D7-4F3A-BA78-E9CFCAD91B5B}.Release|Any CPU.ActiveCfg = Release|Any CPU
		{2B1D72B3-D6D7-4F3A-BA78-E9CFCAD91B5B}.Release|Any CPU.Build.0 = Release|Any CPU
		{2B1D72B3-D6D7-4F3A-BA78-E9CFCAD91B5B}.Release|x64.ActiveCfg = Release|Any CPU
		{2B1D72B3-D6D7-4F3A-BA78-E9CFCAD91B5B}.Release|x64.Build.0 = Release|Any CPU
		{2B1D72B3-D6D7-4F3A-BA78-E9CFCAD91B5B}.Release|x86.ActiveCfg = Release|Any CPU
		{2B1D72B3-D6D7-4F3A-BA78-E9CFCAD91B5B}.Release|x86.Build.0 = Release|Any CPU
		{48F02572-F2FF-4052-8711-24E3C307B400}.Debug|Any CPU.ActiveCfg = Debug|Any CPU
		{48F02572-F2FF-4052-8711-24E3C307B400}.Debug|Any CPU.Build.0 = Debug|Any CPU
		{48F02572-F2FF-4052-8711-24E3C307B400}.Debug|x64.ActiveCfg = Debug|Any CPU
		{48F02572-F2FF-4052-8711-24E3C307B400}.Debug|x64.Build.0 = Debug|Any CPU
		{48F02572-F2FF-4052-8711-24E3C307B400}.Debug|x86.ActiveCfg = Debug|Any CPU
		{48F02572-F2FF-4052-8711-24E3C307B400}.Debug|x86.Build.0 = Debug|Any CPU
		{48F02572-F2FF-4052-8711-24E3C307B400}.Release|Any CPU.ActiveCfg = Release|Any CPU
		{48F02572-F2FF-4052-8711-24E3C307B400}.Release|Any CPU.Build.0 = Release|Any CPU
		{48F02572-F2FF-4052-8711-24E3C307B400}.Release|x64.ActiveCfg = Release|Any CPU
		{48F02572-F2FF-4052-8711-24E3C307B400}.Release|x64.Build.0 = Release|Any CPU
		{48F02572-F2FF-4052-8711-24E3C307B400}.Release|x86.ActiveCfg = Release|Any CPU
		{48F02572-F2FF-4052-8711-24E3C307B400}.Release|x86.Build.0 = Release|Any CPU
		{B6417B48-9468-4BA9-B966-AD04A9D89F3B}.Debug|Any CPU.ActiveCfg = Debug|Any CPU
		{B6417B48-9468-4BA9-B966-AD04A9D89F3B}.Debug|Any CPU.Build.0 = Debug|Any CPU
		{B6417B48-9468-4BA9-B966-AD04A9D89F3B}.Debug|x64.ActiveCfg = Debug|Any CPU
		{B6417B48-9468-4BA9-B966-AD04A9D89F3B}.Debug|x64.Build.0 = Debug|Any CPU
		{B6417B48-9468-4BA9-B966-AD04A9D89F3B}.Debug|x86.ActiveCfg = Debug|Any CPU
		{B6417B48-9468-4BA9-B966-AD04A9D89F3B}.Debug|x86.Build.0 = Debug|Any CPU
		{B6417B48-9468-4BA9-B966-AD04A9D89F3B}.Release|Any CPU.ActiveCfg = Release|Any CPU
		{B6417B48-9468-4BA9-B966-AD04A9D89F3B}.Release|Any CPU.Build.0 = Release|Any CPU
		{B6417B48-9468-4BA9-B966-AD04A9D89F3B}.Release|x64.ActiveCfg = Release|Any CPU
		{B6417B48-9468-4BA9-B966-AD04A9D89F3B}.Release|x64.Build.0 = Release|Any CPU
		{B6417B48-9468-4BA9-B966-AD04A9D89F3B}.Release|x86.ActiveCfg = Release|Any CPU
		{B6417B48-9468-4BA9-B966-AD04A9D89F3B}.Release|x86.Build.0 = Release|Any CPU
		{52AE1C2A-33E0-45DF-A3EA-2666AB38CA71}.Debug|Any CPU.ActiveCfg = Debug|Any CPU
		{52AE1C2A-33E0-45DF-A3EA-2666AB38CA71}.Debug|Any CPU.Build.0 = Debug|Any CPU
		{52AE1C2A-33E0-45DF-A3EA-2666AB38CA71}.Debug|x64.ActiveCfg = Debug|Any CPU
		{52AE1C2A-33E0-45DF-A3EA-2666AB38CA71}.Debug|x64.Build.0 = Debug|Any CPU
		{52AE1C2A-33E0-45DF-A3EA-2666AB38CA71}.Debug|x86.ActiveCfg = Debug|Any CPU
		{52AE1C2A-33E0-45DF-A3EA-2666AB38CA71}.Debug|x86.Build.0 = Debug|Any CPU
		{52AE1C2A-33E0-45DF-A3EA-2666AB38CA71}.Release|Any CPU.ActiveCfg = Release|Any CPU
		{52AE1C2A-33E0-45DF-A3EA-2666AB38CA71}.Release|Any CPU.Build.0 = Release|Any CPU
		{52AE1C2A-33E0-45DF-A3EA-2666AB38CA71}.Release|x64.ActiveCfg = Release|Any CPU
		{52AE1C2A-33E0-45DF-A3EA-2666AB38CA71}.Release|x64.Build.0 = Release|Any CPU
		{52AE1C2A-33E0-45DF-A3EA-2666AB38CA71}.Release|x86.ActiveCfg = Release|Any CPU
		{52AE1C2A-33E0-45DF-A3EA-2666AB38CA71}.Release|x86.Build.0 = Release|Any CPU
		{5B7CB7DA-2B87-4B22-BC1D-64A822ED35B1}.Debug|Any CPU.ActiveCfg = Debug|Any CPU
		{5B7CB7DA-2B87-4B22-BC1D-64A822ED35B1}.Debug|Any CPU.Build.0 = Debug|Any CPU
		{5B7CB7DA-2B87-4B22-BC1D-64A822ED35B1}.Debug|x64.ActiveCfg = Debug|Any CPU
		{5B7CB7DA-2B87-4B22-BC1D-64A822ED35B1}.Debug|x64.Build.0 = Debug|Any CPU
		{5B7CB7DA-2B87-4B22-BC1D-64A822ED35B1}.Debug|x86.ActiveCfg = Debug|Any CPU
		{5B7CB7DA-2B87-4B22-BC1D-64A822ED35B1}.Debug|x86.Build.0 = Debug|Any CPU
		{5B7CB7DA-2B87-4B22-BC1D-64A822ED35B1}.Release|Any CPU.ActiveCfg = Release|Any CPU
		{5B7CB7DA-2B87-4B22-BC1D-64A822ED35B1}.Release|Any CPU.Build.0 = Release|Any CPU
		{5B7CB7DA-2B87-4B22-BC1D-64A822ED35B1}.Release|x64.ActiveCfg = Release|Any CPU
		{5B7CB7DA-2B87-4B22-BC1D-64A822ED35B1}.Release|x64.Build.0 = Release|Any CPU
		{5B7CB7DA-2B87-4B22-BC1D-64A822ED35B1}.Release|x86.ActiveCfg = Release|Any CPU
		{5B7CB7DA-2B87-4B22-BC1D-64A822ED35B1}.Release|x86.Build.0 = Release|Any CPU
		{BC81CA52-9B3F-48C5-AB28-71237D4F5219}.Debug|Any CPU.ActiveCfg = Debug|Any CPU
		{BC81CA52-9B3F-48C5-AB28-71237D4F5219}.Debug|Any CPU.Build.0 = Debug|Any CPU
		{BC81CA52-9B3F-48C5-AB28-71237D4F5219}.Debug|x64.ActiveCfg = Debug|Any CPU
		{BC81CA52-9B3F-48C5-AB28-71237D4F5219}.Debug|x64.Build.0 = Debug|Any CPU
		{BC81CA52-9B3F-48C5-AB28-71237D4F5219}.Debug|x86.ActiveCfg = Debug|Any CPU
		{BC81CA52-9B3F-48C5-AB28-71237D4F5219}.Debug|x86.Build.0 = Debug|Any CPU
		{BC81CA52-9B3F-48C5-AB28-71237D4F5219}.Release|Any CPU.ActiveCfg = Release|Any CPU
		{BC81CA52-9B3F-48C5-AB28-71237D4F5219}.Release|Any CPU.Build.0 = Release|Any CPU
		{BC81CA52-9B3F-48C5-AB28-71237D4F5219}.Release|x64.ActiveCfg = Release|Any CPU
		{BC81CA52-9B3F-48C5-AB28-71237D4F5219}.Release|x64.Build.0 = Release|Any CPU
		{BC81CA52-9B3F-48C5-AB28-71237D4F5219}.Release|x86.ActiveCfg = Release|Any CPU
		{BC81CA52-9B3F-48C5-AB28-71237D4F5219}.Release|x86.Build.0 = Release|Any CPU
	EndGlobalSection
	GlobalSection(SolutionProperties) = preSolution
		HideSolutionNode = FALSE
	EndGlobalSection
	GlobalSection(NestedProjects) = preSolution
		{BA92DD4C-1B20-439F-82FF-19A604310AA3} = {827E0CD3-B72D-47B6-A68D-7590B98EB39B}
		{8374C813-C9AB-4BCF-BD9E-6A9CE9C7E51F} = {827E0CD3-B72D-47B6-A68D-7590B98EB39B}
		{0240D58E-0D36-4782-8EC5-2192CF02F052} = {827E0CD3-B72D-47B6-A68D-7590B98EB39B}
		{2B1D72B3-D6D7-4F3A-BA78-E9CFCAD91B5B} = {827E0CD3-B72D-47B6-A68D-7590B98EB39B}
		{48F02572-F2FF-4052-8711-24E3C307B400} = {0AB3BF05-4346-4AA6-1389-037BE0695223}
		{B6417B48-9468-4BA9-B966-AD04A9D89F3B} = {5D20AA90-6969-D8BD-9DCD-8634F4692FDA}
		{52AE1C2A-33E0-45DF-A3EA-2666AB38CA71} = {5D20AA90-6969-D8BD-9DCD-8634F4692FDA}
		{5B7CB7DA-2B87-4B22-BC1D-64A822ED35B1} = {5D20AA90-6969-D8BD-9DCD-8634F4692FDA}
		{BC81CA52-9B3F-48C5-AB28-71237D4F5219} = {5D20AA90-6969-D8BD-9DCD-8634F4692FDA}
	EndGlobalSection
EndGlobal
