
Microsoft Visual Studio Solution File, Format Version 12.00
# Visual Studio Version 17
VisualStudioVersion = 17.0.31903.59
MinimumVisualStudioVersion = 10.0.40219.1
Project("{2150E333-8FDC-42A3-9474-1A3956D46DE8}") = "src", "src", "{827E0CD3-B72D-47B6-A68D-7590B98EB39B}"
EndProject
Project("{FAE04EC0-301F-11D3-BF4B-00C04F79EFBC}") = "ExpandedLib", "src\ExpandedLib\ExpandedLib.csproj", "{BA92DD4C-1B20-439F-82FF-19A604310AA3}"
EndProject
Project("{FAE04EC0-301F-11D3-BF4B-00C04F79EFBC}") = "ExpandedLib.Generators", "src\ExpandedLib.Generators\ExpandedLib.Generators.csproj", "{8374C813-C9AB-4BCF-BD9E-6A9CE9C7E51F}"
EndProject
Project("{FAE04EC0-301F-11D3-BF4B-00C04F79EFBC}") = "ExpandedLib.Industry", "src\ExpandedLib.Industry\ExpandedLib.Industry.csproj", "{0240D58E-0D36-4782-8EC5-2192CF02F052}"
EndProject
Project("{FAE04EC0-301F-11D3-BF4B-00C04F79EFBC}") = "ExpandedLib.Testing", "src\ExpandedLib.Testing\ExpandedLib.Testing.csproj", "{2B1D72B3-D6D7-4F3A-BA78-E9CFCAD91B5B}"
EndProject
Project("{2150E333-8FDC-42A3-9474-1A3956D46DE8}") = "tests", "tests", "{0AB3BF05-4346-4AA6-1389-037BE0695223}"
EndProject
Project("{FAE04EC0-301F-11D3-BF4B-00C04F79EFBC}") = "ExpandedLib.Tests", "tests\ExpandedLib.Tests\ExpandedLib.Tests.csproj", "{48F02572-F2FF-4052-8711-24E3C307B400}"
EndProject
Project("{2150E333-8FDC-42A3-9474-1A3956D46DE8}") = "samples", "samples", "{5D20AA90-6969-D8BD-9DCD-8634F4692FDA}"
EndProject
Project("{FAE04EC0-301F-11D3-BF4B-00C04F79EFBC}") = "TwinTubBlower", "samples\TwinTubBlower\src\TwinTubBlower.csproj", "{A8628534-F6A0-4081-BFF7-467C6C1B888C}"
EndProject
Project("{FAE04EC0-301F-11D3-BF4B-00C04F79EFBC}") = "BurdenMaker", "samples\BurdenMaker\src\BurdenMaker.csproj", "{D1B77AFE-7F5E-4BD2-BD97-0086F8EAAD28}"
EndProject
Project("{FAE04EC0-301F-11D3-BF4B-00C04F79EFBC}") = "TwinTubBlower.Tests", "samples\TwinTubBlower\tests\TwinTubBlower.Tests.csproj", "{94AFF619-6690-4F08-ADDE-FA23BE32A1DE}"
EndProject
Project("{FAE04EC0-301F-11D3-BF4B-00C04F79EFBC}") = "BurdenMaker.Tests", "samples\BurdenMaker\tests\BurdenMaker.Tests.csproj", "{D458BF07-8F51-45CF-8D11-E444FA060888}"
EndProject
Project("{FAE04EC0-301F-11D3-BF4B-00C04F79EFBC}") = "SmokeStack", "samples\SmokeStack\src\SmokeStack.csproj", "{352656C1-37AD-4B3D-A8A2-AB087A747206}"
EndProject
Project("{FAE04EC0-301F-11D3-BF4B-00C04F79EFBC}") = "SmokeStack.Tests", "samples\SmokeStack\tests\SmokeStack.Tests.csproj", "{572A6D68-DB31-4067-A476-1694CB3CD9A1}"
EndProject
Global
	GlobalSection(SolutionConfigurationPlatforms) = preSolution
		Debug|Any CPU = Debug|Any CPU
		Debug|x64 = Debug|x64
		Debug|x86 = Debug|x86
		Release|Any CPU = Release|Any CPU
		Release|x64 = Release|x64
		Release|x86 = Release|x86
	EndGlobalSection
	GlobalSection(ProjectConfigurationPlatforms) = postSolution
		{BA92DD4C-1B20-439F-82FF-19A604310AA3}.Debug|Any CPU.ActiveCfg = Debug|Any CPU
		{BA92DD4C-1B20-439F-82FF-19A604310AA3}.Debug|Any CPU.Build.0 = Debug|Any CPU
		{BA92DD4C-1B20-439F-82FF-19A604310AA3}.Debug|x64.ActiveCfg = Debug|Any CPU
		{BA92DD4C-1B20-439F-82FF-19A604310AA3}.Debug|x64.Build.0 = Debug|Any CPU
		{BA92DD4C-1B20-439F-82FF-19A604310AA3}.Debug|x86.ActiveCfg = Debug|Any CPU
		{BA92DD4C-1B20-439F-82FF-19A604310AA3}.Debug|x86.Build.0 = Debug|Any CPU
		{BA92DD4C-1B20-439F-82FF-19A604310AA3}.Release|Any CPU.ActiveCfg = Release|Any CPU
		{BA92DD4C-1B20-439F-82FF-19A604310AA3}.Release|Any CPU.Build.0 = Release|Any CPU
		{BA92DD4C-1B20-439F-82FF-19A604310AA3}.Release|x64.ActiveCfg = Release|Any CPU
		{BA92DD4C-1B20-439F-82FF-19A604310AA3}.Release|x64.Build.0 = Release|Any CPU
		{BA92DD4C-1B20-439F-82FF-19A604310AA3}.Release|x86.ActiveCfg = Release|Any CPU
		{BA92DD4C-1B20-439F-82FF-19A604310AA3}.Release|x86.Build.0 = Release|Any CPU
		{8374C813-C9AB-4BCF-BD9E-6A9CE9C7E51F}.Debug|Any CPU.ActiveCfg = Debug|Any CPU
		{8374C813-C9AB-4BCF-BD9E-6A9CE9C7E51F}.Debug|Any CPU.Build.0 = Debug|Any CPU
		{8374C813-C9AB-4BCF-BD9E-6A9CE9C7E51F}.Debug|x64.ActiveCfg = Debug|Any CPU
		{8374C813-C9AB-4BCF-BD9E-6A9CE9C7E51F}.Debug|x64.Build.0 = Debug|Any CPU
		{8374C813-C9AB-4BCF-BD9E-6A9CE9C7E51F}.Debug|x86.ActiveCfg = Debug|Any CPU
		{8374C813-C9AB-4BCF-BD9E-6A9CE9C7E51F}.Debug|x86.Build.0 = Debug|Any CPU
		{8374C813-C9AB-4BCF-BD9E-6A9CE9C7E51F}.Release|Any CPU.ActiveCfg = Release|Any CPU
		{8374C813-C9AB-4BCF-BD9E-6A9CE9C7E51F}.Release|Any CPU.Build.0 = Release|Any CPU
		{8374C813-C9AB-4BCF-BD9E-6A9CE9C7E51F}.Release|x64.ActiveCfg = Release|Any CPU
		{8374C813-C9AB-4BCF-BD9E-6A9CE9C7E51F}.Release|x64.Build.0 = Release|Any CPU
		{8374C813-C9AB-4BCF-BD9E-6A9CE9C7E51F}.Release|x86.ActiveCfg = Release|Any CPU
		{8374C813-C9AB-4BCF-BD9E-6A9CE9C7E51F}.Release|x86.Build.0 = Release|Any CPU
		{0240D58E-0D36-4782-8EC5-2192CF02F052}.Debug|Any CPU.ActiveCfg = Debug|Any CPU
		{0240D58E-0D36-4782-8EC5-2192CF02F052}.Debug|Any CPU.Build.0 = Debug|Any CPU
		{0240D58E-0D36-4782-8EC5-2192CF02F052}.Debug|x64.ActiveCfg = Debug|Any CPU
		{0240D58E-0D36-4782-8EC5-2192CF02F052}.Debug|x64.Build.0 = Debug|Any CPU
		{0240D58E-0D36-4782-8EC5-2192CF02F052}.Debug|x86.ActiveCfg = Debug|Any CPU
		{0240D58E-0D36-4782-8EC5-2192CF02F052}.Debug|x86.Build.0 = Debug|Any CPU
		{0240D58E-0D36-4782-8EC5-2192CF02F052}.Release|Any CPU.ActiveCfg = Release|Any CPU
		{0240D58E-0D36-4782-8EC5-2192CF02F052}.Release|Any CPU.Build.0 = Release|Any CPU
		{0240D58E-0D36-4782-8EC5-2192CF02F052}.Release|x64.ActiveCfg = Release|Any CPU
		{0240D58E-0D36-4782-8EC5-2192CF02F052}.Release|x64.Build.0 = Release|Any CPU
		{0240D58E-0D36-4782-8EC5-2192CF02F052}.Release|x86.ActiveCfg = Release|Any CPU
		{0240D58E-0D36-4782-8EC5-2192CF02F052}.Release|x86.Build.0 = Release|Any CPU
		{2B1D72B3-D6D7-4F3A-BA78-E9CFCAD91B5B}.Debug|Any CPU.ActiveCfg = Debug|Any CPU
		{2B1D72B3-D6D7-4F3A-BA78-E9CFCAD91B5B}.Debug|Any CPU.Build.0 = Debug|Any CPU
		{2B1D72B3-D6D7-4F3A-BA78-E9CFCAD91B5B}.Debug|x64.ActiveCfg = Debug|Any CPU
		{2B1D72B3-D6D7-4F3A-BA78-E9CFCAD91B5B}.Debug|x64.Build.0 = Debug|Any CPU
		{2B1D72B3-D6D7-4F3A-BA78-E9CFCAD91B5B}.Debug|x86.ActiveCfg = Debug|Any CPU
		{2B1D72B3-D6D7-4F3A-BA78-E9CFCAD91B5B}.Debug|x86.Build.0 = Debug|Any CPU
		{2B1D72B3-D6D7-4F3A-BA78-E9CFCAD91B5B}.Release|Any CPU.ActiveCfg = Release|Any CPU
		{2B1D72B3-D6D7-4F3A-BA78-E9CFCAD91B5B}.Release|Any CPU.Build.0 = Release|Any CPU
		{2B1D72B3-D6D7-4F3A-BA78-E9CFCAD91B5B}.Release|x64.ActiveCfg = Release|Any CPU
		{2B1D72B3-D6D7-4F3A-BA78-E9CFCAD91B5B}.Release|x64.Build.0 = Release|Any CPU
		{2B1D72B3-D6D7-4F3A-BA78-E9CFCAD91B5B}.Release|x86.ActiveCfg = Release|Any CPU
		{2B1D72B3-D6D7-4F3A-BA78-E9CFCAD91B5B}.Release|x86.Build.0 = Release|Any CPU
		{48F02572-F2FF-4052-8711-24E3C307B400}.Debug|Any CPU.ActiveCfg = Debug|Any CPU
		{48F02572-F2FF-4052-8711-24E3C307B400}.Debug|Any CPU.Build.0 = Debug|Any CPU
		{48F02572-F2FF-4052-8711-24E3C307B400}.Debug|x64.ActiveCfg = Debug|Any CPU
		{48F02572-F2FF-4052-8711-24E3C307B400}.Debug|x64.Build.0 = Debug|Any CPU
		{48F02572-F2FF-4052-8711-24E3C307B400}.Debug|x86.ActiveCfg = Debug|Any CPU
		{48F02572-F2FF-4052-8711-24E3C307B400}.Debug|x86.Build.0 = Debug|Any CPU
		{48F02572-F2FF-4052-8711-24E3C307B400}.Release|Any CPU.ActiveCfg = Release|Any CPU
		{48F02572-F2FF-4052-8711-24E3C307B400}.Release|Any CPU.Build.0 = Release|Any CPU
		{48F02572-F2FF-4052-8711-24E3C307B400}.Release|x64.ActiveCfg = Release|Any CPU
		{48F02572-F2FF-4052-8711-24E3C307B400}.Release|x64.Build.0 = Release|Any CPU
		{48F02572-F2FF-4052-8711-24E3C307B400}.Release|x86.ActiveCfg = Release|Any CPU
		{48F02572-F2FF-4052-8711-24E3C307B400}.Release|x86.Build.0 = Release|Any CPU
		{A8628534-F6A0-4081-BFF7-467C6C1B888C}.Debug|Any CPU.ActiveCfg = Debug|Any CPU
		{A8628534-F6A0-4081-BFF7-467C6C1B888C}.Debug|Any CPU.Build.0 = Debug|Any CPU
		{A8628534-F6A0-4081-BFF7-467C6C1B888C}.Debug|x64.ActiveCfg = Debug|Any CPU
		{A8628534-F6A0-4081-BFF7-467C6C1B888C}.Debug|x64.Build.0 = Debug|Any CPU
		{A8628534-F6A0-4081-BFF7-467C6C1B888C}.Debug|x86.ActiveCfg = Debug|Any CPU
		{A8628534-F6A0-4081-BFF7-467C6C1B888C}.Debug|x86.Build.0 = Debug|Any CPU
		{A8628534-F6A0-4081-BFF7-467C6C1B888C}.Release|Any CPU.ActiveCfg = Release|Any CPU
		{A8628534-F6A0-4081-BFF7-467C6C1B888C}.Release|Any CPU.Build.0 = Release|Any CPU
		{A8628534-F6A0-4081-BFF7-467C6C1B888C}.Release|x64.ActiveCfg = Release|Any CPU
		{A8628534-F6A0-4081-BFF7-467C6C1B888C}.Release|x64.Build.0 = Release|Any CPU
		{A8628534-F6A0-4081-BFF7-467C6C1B888C}.Release|x86.ActiveCfg = Release|Any CPU
		{A8628534-F6A0-4081-BFF7-467C6C1B888C}.Release|x86.Build.0 = Release|Any CPU
		{D1B77AFE-7F5E-4BD2-BD97-0086F8EAAD28}.Debug|Any CPU.ActiveCfg = Debug|Any CPU
		{D1B77AFE-7F5E-4BD2-BD97-0086F8EAAD28}.Debug|Any CPU.Build.0 = Debug|Any CPU
		{D1B77AFE-7F5E-4BD2-BD97-0086F8EAAD28}.Debug|x64.ActiveCfg = Debug|Any CPU
		{D1B77AFE-7F5E-4BD2-BD97-0086F8EAAD28}.Debug|x64.Build.0 = Debug|Any CPU
		{D1B77AFE-7F5E-4BD2-BD97-0086F8EAAD28}.Debug|x86.ActiveCfg = Debug|Any CPU
		{D1B77AFE-7F5E-4BD2-BD97-0086F8EAAD28}.Debug|x86.Build.0 = Debug|Any CPU
		{D1B77AFE-7F5E-4BD2-BD97-0086F8EAAD28}.Release|Any CPU.ActiveCfg = Release|Any CPU
		{D1B77AFE-7F5E-4BD2-BD97-0086F8EAAD28}.Release|Any CPU.Build.0 = Release|Any CPU
		{D1B77AFE-7F5E-4BD2-BD97-0086F8EAAD28}.Release|x64.ActiveCfg = Release|Any CPU
		{D1B77AFE-7F5E-4BD2-BD97-0086F8EAAD28}.Release|x64.Build.0 = Release|Any CPU
		{D1B77AFE-7F5E-4BD2-BD97-0086F8EAAD28}.Release|x86.ActiveCfg = Release|Any CPU
		{D1B77AFE-7F5E-4BD2-BD97-0086F8EAAD28}.Release|x86.Build.0 = Release|Any CPU
		{94AFF619-6690-4F08-ADDE-FA23BE32A1DE}.Debug|Any CPU.ActiveCfg = Debug|Any CPU
		{94AFF619-6690-4F08-ADDE-FA23BE32A1DE}.Debug|Any CPU.Build.0 = Debug|Any CPU
		{94AFF619-6690-4F08-ADDE-FA23BE32A1DE}.Debug|x64.ActiveCfg = Debug|Any CPU
		{94AFF619-6690-4F08-ADDE-FA23BE32A1DE}.Debug|x64.Build.0 = Debug|Any CPU
		{94AFF619-6690-4F08-ADDE-FA23BE32A1DE}.Debug|x86.ActiveCfg = Debug|Any CPU
		{94AFF619-6690-4F08-ADDE-FA23BE32A1DE}.Debug|x86.Build.0 = Debug|Any CPU
		{94AFF619-6690-4F08-ADDE-FA23BE32A1DE}.Release|Any CPU.ActiveCfg = Release|Any CPU
		{94AFF619-6690-4F08-ADDE-FA23BE32A1DE}.Release|Any CPU.Build.0 = Release|Any CPU
		{94AFF619-6690-4F08-ADDE-FA23BE32A1DE}.Release|x64.ActiveCfg = Release|Any CPU
		{94AFF619-6690-4F08-ADDE-FA23BE32A1DE}.Release|x64.Build.0 = Release|Any CPU
		{94AFF619-6690-4F08-ADDE-FA23BE32A1DE}.Release|x86.ActiveCfg = Release|Any CPU
		{94AFF619-6690-4F08-ADDE-FA23BE32A1DE}.Release|x86.Build.0 = Release|Any CPU
		{D458BF07-8F51-45CF-8D11-E444FA060888}.Debug|Any CPU.ActiveCfg = Debug|Any CPU
		{D458BF07-8F51-45CF-8D11-E444FA060888}.Debug|Any CPU.Build.0 = Debug|Any CPU
		{D458BF07-8F51-45CF-8D11-E444FA060888}.Debug|x64.ActiveCfg = Debug|Any CPU
		{D458BF07-8F51-45CF-8D11-E444FA060888}.Debug|x64.Build.0 = Debug|Any CPU
		{D458BF07-8F51-45CF-8D11-E444FA060888}.Debug|x86.ActiveCfg = Debug|Any CPU
		{D458BF07-8F51-45CF-8D11-E444FA060888}.Debug|x86.Build.0 = Debug|Any CPU
		{D458BF07-8F51-45CF-8D11-E444FA060888}.Release|Any CPU.ActiveCfg = Release|Any CPU
		{D458BF07-8F51-45CF-8D11-E444FA060888}.Release|Any CPU.Build.0 = Release|Any CPU
		{D458BF07-8F51-45CF-8D11-E444FA060888}.Release|x64.ActiveCfg = Release|Any CPU
		{D458BF07-8F51-45CF-8D11-E444FA060888}.Release|x64.Build.0 = Release|Any CPU
		{D458BF07-8F51-45CF-8D11-E444FA060888}.Release|x86.ActiveCfg = Release|Any CPU
		{D458BF07-8F51-45CF-8D11-E444FA060888}.Release|x86.Build.0 = Release|Any CPU
		{352656C1-37AD-4B3D-A8A2-AB087A747206}.Debug|Any CPU.ActiveCfg = Debug|Any CPU
		{352656C1-37AD-4B3D-A8A2-AB087A747206}.Debug|Any CPU.Build.0 = Debug|Any CPU
		{352656C1-37AD-4B3D-A8A2-AB087A747206}.Debug|x64.ActiveCfg = Debug|Any CPU
		{352656C1-37AD-4B3D-A8A2-AB087A747206}.Debug|x64.Build.0 = Debug|Any CPU
		{352656C1-37AD-4B3D-A8A2-AB087A747206}.Debug|x86.ActiveCfg = Debug|Any CPU
		{352656C1-37AD-4B3D-A8A2-AB087A747206}.Debug|x86.Build.0 = Debug|Any CPU
		{352656C1-37AD-4B3D-A8A2-AB087A747206}.Release|Any CPU.ActiveCfg = Release|Any CPU
		{352656C1-37AD-4B3D-A8A2-AB087A747206}.Release|Any CPU.Build.0 = Release|Any CPU
		{352656C1-37AD-4B3D-A8A2-AB087A747206}.Release|x64.ActiveCfg = Release|Any CPU
		{352656C1-37AD-4B3D-A8A2-AB087A747206}.Release|x64.Build.0 = Release|Any CPU
		{352656C1-37AD-4B3D-A8A2-AB087A747206}.Release|x86.ActiveCfg = Release|Any CPU
		{352656C1-37AD-4B3D-A8A2-AB087A747206}.Release|x86.Build.0 = Release|Any CPU
		{572A6D68-DB31-4067-A476-1694CB3CD9A1}.Debug|Any CPU.ActiveCfg = Debug|Any CPU
		{572A6D68-DB31-4067-A476-1694CB3CD9A1}.Debug|Any CPU.Build.0 = Debug|Any CPU
		{572A6D68-DB31-4067-A476-1694CB3CD9A1}.Debug|x64.ActiveCfg = Debug|Any CPU
		{572A6D68-DB31-4067-A476-1694CB3CD9A1}.Debug|x64.Build.0 = Debug|Any CPU
		{572A6D68-DB31-4067-A476-1694CB3CD9A1}.Debug|x86.ActiveCfg = Debug|Any CPU
		{572A6D68-DB31-4067-A476-1694CB3CD9A1}.Debug|x86.Build.0 = Debug|Any CPU
		{572A6D68-DB31-4067-A476-1694CB3CD9A1}.Release|Any CPU.ActiveCfg = Release|Any CPU
		{572A6D68-DB31-4067-A476-1694CB3CD9A1}.Release|Any CPU.Build.0 = Release|Any CPU
		{572A6D68-DB31-4067-A476-1694CB3CD9A1}.Release|x64.ActiveCfg = Release|Any CPU
		{572A6D68-DB31-4067-A476-1694CB3CD9A1}.Release|x64.Build.0 = Release|Any CPU
		{572A6D68-DB31-4067-A476-1694CB3CD9A1}.Release|x86.ActiveCfg = Release|Any CPU
		{572A6D68-DB31-4067-A476-1694CB3CD9A1}.Release|x86.Build.0 = Release|Any CPU
	EndGlobalSection
	GlobalSection(SolutionProperties) = preSolution
		HideSolutionNode = FALSE
	EndGlobalSection
	GlobalSection(NestedProjects) = preSolution
		{BA92DD4C-1B20-439F-82FF-19A604310AA3} = {827E0CD3-B72D-47B6-A68D-7590B98EB39B}
		{8374C813-C9AB-4BCF-BD9E-6A9CE9C7E51F} = {827E0CD3-B72D-47B6-A68D-7590B98EB39B}
		{0240D58E-0D36-4782-8EC5-2192CF02F052} = {827E0CD3-B72D-47B6-A68D-7590B98EB39B}
		{2B1D72B3-D6D7-4F3A-BA78-E9CFCAD91B5B} = {827E0CD3-B72D-47B6-A68D-7590B98EB39B}
		{48F02572-F2FF-4052-8711-24E3C307B400} = {0AB3BF05-4346-4AA6-1389-037BE0695223}
		{A8628534-F6A0-4081-BFF7-467C6C1B888C} = {5D20AA90-6969-D8BD-9DCD-8634F4692FDA}
		{D1B77AFE-7F5E-4BD2-BD97-0086F8EAAD28} = {5D20AA90-6969-D8BD-9DCD-8634F4692FDA}
		{94AFF619-6690-4F08-ADDE-FA23BE32A1DE} = {5D20AA90-6969-D8BD-9DCD-8634F4692FDA}
		{D458BF07-8F51-45CF-8D11-E444FA060888} = {5D20AA90-6969-D8BD-9DCD-8634F4692FDA}
		{352656C1-37AD-4B3D-A8A2-AB087A747206} = {5D20AA90-6969-D8BD-9DCD-8634F4692FDA}
		{572A6D68-DB31-4067-A476-1694CB3CD9A1} = {5D20AA90-6969-D8BD-9DCD-8634F4692FDA}
	EndGlobalSection
EndGlobal
